
Microsoft Visual Studio Solution File, Format Version 12.00
# Visual Studio Version 17
VisualStudioVersion = 17.3.32505.426
MinimumVisualStudioVersion = 10.0.40219.1
Project("{FAE04EC0-301F-11D3-BF4B-00C04F79EFBC}") = "WebApplication13", "WebApplication13\WebApplication13.csproj", "{1B01BC31-F0D6-4DDF-B4EF-C81D894D7458}"
EndProject
Global
	GlobalSection(SolutionConfigurationPlatforms) = preSolution
		Debug|Any CPU = Debug|Any CPU
		Release|Any CPU = Release|Any CPU
	EndGlobalSection
	GlobalSection(ProjectConfigurationPlatforms) = postSolution
		{1B01BC31-F0D6-4DDF-B4EF-C81D894D7458}.Debug|Any CPU.ActiveCfg = Debug|Any CPU
		{1B01BC31-F0D6-4DDF-B4EF-C81D894D7458}.Debug|Any CPU.Build.0 = Debug|Any CPU
		{1B01BC31-F0D6-4DDF-B4EF-C81D894D7458}.Release|Any CPU.ActiveCfg = Release|Any CPU
		{1B01BC31-F0D6-4DDF-B4EF-C81D894D7458}.Release|Any CPU.Build.0 = Release|Any CPU
	EndGlobalSection
	GlobalSection(SolutionProperties) = preSolution
		HideSolutionNode = FALSE
	EndGlobalSection
	GlobalSection(ExtensibilityGlobals) = postSolution
		SolutionGuid = {CA8B9F0F-CF38-400B-9DF2-E140646DCD6C}
	EndGlobalSection
EndGlobal
